// !$*UTF8*$!
{
	archiveVersion = 1;
	classes = {
	};
	objectVersion = 46;
	objects = {

/* Begin PBXBuildFile section */
		321F08921D9B087800E71500 /* VMGrRootTabBarController.m in Sources */ = {isa = PBXBuildFile; fileRef = 321F08911D9B087800E71500 /* VMGrRootTabBarController.m */; };
		3230CECC1D8D88C4001472BD /* delete.png in Resources */ = {isa = PBXBuildFile; fileRef = 3230CEC91D8D88C4001472BD /* delete.png */; };
		3230CECD1D8D88C4001472BD /* delete@2x.png in Resources */ = {isa = PBXBuildFile; fileRef = 3230CECA1D8D88C4001472BD /* delete@2x.png */; };
		3230CECE1D8D88C4001472BD /* delete@3x.png in Resources */ = {isa = PBXBuildFile; fileRef = 3230CECB1D8D88C4001472BD /* delete@3x.png */; };
		3230CED11D8D898F001472BD /* VMGrMatchesHeaderViewCell.m in Sources */ = {isa = PBXBuildFile; fileRef = 3230CED01D8D898F001472BD /* VMGrMatchesHeaderViewCell.m */; };
		3242B6031D8D43460033D41B /* VMGrUser.m in Sources */ = {isa = PBXBuildFile; fileRef = 3242B6021D8D43460033D41B /* VMGrUser.m */; };
		327960811DC29FC400F7F1DF /* VMGrToy.m in Sources */ = {isa = PBXBuildFile; fileRef = 327960801DC29FC400F7F1DF /* VMGrToy.m */; };
		328363E41D8B606E003013E8 /* VMGrMatchesViewCell.m in Sources */ = {isa = PBXBuildFile; fileRef = 328363E31D8B606E003013E8 /* VMGrMatchesViewCell.m */; };
		32866B761D67C04F00B13F04 /* VMGrAlertView.m in Sources */ = {isa = PBXBuildFile; fileRef = 32866B751D67C04F00B13F04 /* VMGrAlertView.m */; };
		32866B791D67C08200B13F04 /* VMGrUtilities.m in Sources */ = {isa = PBXBuildFile; fileRef = 32866B781D67C08200B13F04 /* VMGrUtilities.m */; };
		3286ED031DB274330070797C /* GoogleService-Info.plist in Resources */ = {isa = PBXBuildFile; fileRef = 3286ED021DB274330070797C /* GoogleService-Info.plist */; };
		32A2D0BA1DB2E83500FBB439 /* icon_m_76pt.png in Resources */ = {isa = PBXBuildFile; fileRef = 32A2D0B71DB2E83500FBB439 /* icon_m_76pt.png */; };
		32A2D0BB1DB2E83500FBB439 /* icon_m_76pt@2x.png in Resources */ = {isa = PBXBuildFile; fileRef = 32A2D0B81DB2E83500FBB439 /* icon_m_76pt@2x.png */; };
		32A2D0BC1DB2E83500FBB439 /* icon_m_83_5pt@2x.png in Resources */ = {isa = PBXBuildFile; fileRef = 32A2D0B91DB2E83500FBB439 /* icon_m_83_5pt@2x.png */; };
		32DF70FC1D99B61B004E62C8 /* VMGrConversationViewController.m in Sources */ = {isa = PBXBuildFile; fileRef = 32DF70FB1D99B61B004E62C8 /* VMGrConversationViewController.m */; };
		32DF70FF1D99B632004E62C8 /* VMGrMessage.m in Sources */ = {isa = PBXBuildFile; fileRef = 32DF70FE1D99B632004E62C8 /* VMGrMessage.m */; };
		32DF71021D99BEE6004E62C8 /* VMGrRecent.m in Sources */ = {isa = PBXBuildFile; fileRef = 32DF71011D99BEE6004E62C8 /* VMGrRecent.m */; };
		32DF71051D99DCC1004E62C8 /* VMGrRecentViewCell.m in Sources */ = {isa = PBXBuildFile; fileRef = 32DF71041D99DCC1004E62C8 /* VMGrRecentViewCell.m */; };
		D4A16163C6B5F00A0CB39815 /* libPods-KidsGift.a in Frameworks */ = {isa = PBXBuildFile; fileRef = FD1251720982612AFE8300FD /* libPods-KidsGift.a */; };
		D71E19DD1D7E894900DCDCF3 /* logo_m.png in Resources */ = {isa = PBXBuildFile; fileRef = D71E19D71D7E894900DCDCF3 /* logo_m.png */; };
		D71E19DE1D7E894900DCDCF3 /* logo_m@2x.png in Resources */ = {isa = PBXBuildFile; fileRef = D71E19D81D7E894900DCDCF3 /* logo_m@2x.png */; };
		D71E19DF1D7E894900DCDCF3 /* logo_m@3x.png in Resources */ = {isa = PBXBuildFile; fileRef = D71E19D91D7E894900DCDCF3 /* logo_m@3x.png */; };
		D71E19E01D7E894900DCDCF3 /* logo_text.png in Resources */ = {isa = PBXBuildFile; fileRef = D71E19DA1D7E894900DCDCF3 /* logo_text.png */; };
		D71E19E11D7E894900DCDCF3 /* logo_text@2x.png in Resources */ = {isa = PBXBuildFile; fileRef = D71E19DB1D7E894900DCDCF3 /* logo_text@2x.png */; };
		D71E19E21D7E894900DCDCF3 /* logo_text@3x.png in Resources */ = {isa = PBXBuildFile; fileRef = D71E19DC1D7E894900DCDCF3 /* logo_text@3x.png */; };
		D71E19E61D7E8E5400DCDCF3 /* back_menu.png in Resources */ = {isa = PBXBuildFile; fileRef = D71E19E31D7E8E5400DCDCF3 /* back_menu.png */; };
		D71E19E71D7E8E5400DCDCF3 /* back_menu@2x.png in Resources */ = {isa = PBXBuildFile; fileRef = D71E19E41D7E8E5400DCDCF3 /* back_menu@2x.png */; };
		D71E19E81D7E8E5400DCDCF3 /* back_menu@3x.png in Resources */ = {isa = PBXBuildFile; fileRef = D71E19E51D7E8E5400DCDCF3 /* back_menu@3x.png */; };
		D71E19EC1D7E8E8600DCDCF3 /* icon_menu.png in Resources */ = {isa = PBXBuildFile; fileRef = D71E19E91D7E8E8600DCDCF3 /* icon_menu.png */; };
		D71E19ED1D7E8E8600DCDCF3 /* icon_menu@2x.png in Resources */ = {isa = PBXBuildFile; fileRef = D71E19EA1D7E8E8600DCDCF3 /* icon_menu@2x.png */; };
		D71E19EE1D7E8E8600DCDCF3 /* icon_menu@3x.png in Resources */ = {isa = PBXBuildFile; fileRef = D71E19EB1D7E8E8600DCDCF3 /* icon_menu@3x.png */; };
		D71E19F21D7E906100DCDCF3 /* VMGrMenuViewCell.m in Sources */ = {isa = PBXBuildFile; fileRef = D71E19F11D7E906100DCDCF3 /* VMGrMenuViewCell.m */; };
		D71E19F61D7E991C00DCDCF3 /* icon_logout.png in Resources */ = {isa = PBXBuildFile; fileRef = D71E19F31D7E991C00DCDCF3 /* icon_logout.png */; };
		D71E19F71D7E991C00DCDCF3 /* icon_logout@2x.png in Resources */ = {isa = PBXBuildFile; fileRef = D71E19F41D7E991C00DCDCF3 /* icon_logout@2x.png */; };
		D71E19F81D7E991C00DCDCF3 /* icon_logout@3x.png in Resources */ = {isa = PBXBuildFile; fileRef = D71E19F51D7E991C00DCDCF3 /* icon_logout@3x.png */; };
		D75800261D812C2600725FFB /* setting.png in Resources */ = {isa = PBXBuildFile; fileRef = D75800241D812C2600725FFB /* setting.png */; };
		D75800271D812C2600725FFB /* star.png in Resources */ = {isa = PBXBuildFile; fileRef = D75800251D812C2600725FFB /* star.png */; };
		D758002A1D812C9A00725FFB /* star@2x.png in Resources */ = {isa = PBXBuildFile; fileRef = D75800281D812C9A00725FFB /* star@2x.png */; };
		D758002B1D812C9A00725FFB /* star@3xpng.png in Resources */ = {isa = PBXBuildFile; fileRef = D75800291D812C9A00725FFB /* star@3xpng.png */; };
		D758002F1D812CF700725FFB /* user.png in Resources */ = {isa = PBXBuildFile; fileRef = D758002C1D812CF700725FFB /* user.png */; };
		D75800301D812CF700725FFB /* user@2x.png in Resources */ = {isa = PBXBuildFile; fileRef = D758002D1D812CF700725FFB /* user@2x.png */; };
		D75800311D812CF700725FFB /* user@3x.png in Resources */ = {isa = PBXBuildFile; fileRef = D758002E1D812CF700725FFB /* user@3x.png */; };
		D75800341D812FC300725FFB /* VMGrSetupViewCell.m in Sources */ = {isa = PBXBuildFile; fileRef = D75800331D812FC300725FFB /* VMGrSetupViewCell.m */; };
		D76281721D800F9700D6CD50 /* VMGrToyViewCell.m in Sources */ = {isa = PBXBuildFile; fileRef = D76281711D800F9700D6CD50 /* VMGrToyViewCell.m */; };
		D76281761D8010FC00D6CD50 /* check.png in Resources */ = {isa = PBXBuildFile; fileRef = D76281731D8010FC00D6CD50 /* check.png */; };
		D76281771D8010FC00D6CD50 /* check@2x.png in Resources */ = {isa = PBXBuildFile; fileRef = D76281741D8010FC00D6CD50 /* check@2x.png */; };
		D76281781D8010FC00D6CD50 /* check@3x.png in Resources */ = {isa = PBXBuildFile; fileRef = D76281751D8010FC00D6CD50 /* check@3x.png */; };
		D76611971D7FCF5F00990506 /* arrow.png in Resources */ = {isa = PBXBuildFile; fileRef = D76611941D7FCF5F00990506 /* arrow.png */; };
		D76611981D7FCF5F00990506 /* arrow@2x.png in Resources */ = {isa = PBXBuildFile; fileRef = D76611951D7FCF5F00990506 /* arrow@2x.png */; };
		D76611991D7FCF5F00990506 /* arrow@3x.png in Resources */ = {isa = PBXBuildFile; fileRef = D76611961D7FCF5F00990506 /* arrow@3x.png */; };
		D766119D1D7FDE3100990506 /* VMGrSetupViewController.m in Sources */ = {isa = PBXBuildFile; fileRef = D766119C1D7FDE3100990506 /* VMGrSetupViewController.m */; };
		D76611A11D7FDE5000990506 /* VMGrChatViewController.m in Sources */ = {isa = PBXBuildFile; fileRef = D76611A01D7FDE5000990506 /* VMGrChatViewController.m */; };
		D76611A51D7FF67600990506 /* VMGrListToysViewController.m in Sources */ = {isa = PBXBuildFile; fileRef = D76611A41D7FF67600990506 /* VMGrListToysViewController.m */; };
		D76794A61D9A89BF0095B89C /* chat.png in Resources */ = {isa = PBXBuildFile; fileRef = D76794A01D9A89BF0095B89C /* chat.png */; };
		D76794A71D9A89BF0095B89C /* chat@2x.png in Resources */ = {isa = PBXBuildFile; fileRef = D76794A11D9A89BF0095B89C /* chat@2x.png */; };
		D76794A81D9A89BF0095B89C /* chat@3x.png in Resources */ = {isa = PBXBuildFile; fileRef = D76794A21D9A89BF0095B89C /* chat@3x.png */; };
		D76794A91D9A89BF0095B89C /* find.png in Resources */ = {isa = PBXBuildFile; fileRef = D76794A31D9A89BF0095B89C /* find.png */; };
		D76794AA1D9A89BF0095B89C /* find@2x.png in Resources */ = {isa = PBXBuildFile; fileRef = D76794A41D9A89BF0095B89C /* find@2x.png */; };
		D76794AB1D9A89BF0095B89C /* find@3x.png in Resources */ = {isa = PBXBuildFile; fileRef = D76794A51D9A89BF0095B89C /* find@3x.png */; };
		D7C347731D6579C40051E728 /* main.m in Sources */ = {isa = PBXBuildFile; fileRef = D7C347721D6579C40051E728 /* main.m */; };
		D7C347761D6579C40051E728 /* AppDelegate.m in Sources */ = {isa = PBXBuildFile; fileRef = D7C347751D6579C40051E728 /* AppDelegate.m */; };
		D7C3477F1D6579C40051E728 /* Main.storyboard in Resources */ = {isa = PBXBuildFile; fileRef = D7C3477D1D6579C40051E728 /* Main.storyboard */; };
		D7C347811D6579C40051E728 /* Assets.xcassets in Resources */ = {isa = PBXBuildFile; fileRef = D7C347801D6579C40051E728 /* Assets.xcassets */; };
		D7C347841D6579C40051E728 /* LaunchScreen.storyboard in Resources */ = {isa = PBXBuildFile; fileRef = D7C347821D6579C40051E728 /* LaunchScreen.storyboard */; };
		D7C3479A1D6585E40051E728 /* icon_m_29pt.png in Resources */ = {isa = PBXBuildFile; fileRef = D7C347911D6585E40051E728 /* icon_m_29pt.png */; };
		D7C3479B1D6585E40051E728 /* icon_m_29pt@2x.png in Resources */ = {isa = PBXBuildFile; fileRef = D7C347921D6585E40051E728 /* icon_m_29pt@2x.png */; };
		D7C3479C1D6585E40051E728 /* icon_m_29pt@3x.png in Resources */ = {isa = PBXBuildFile; fileRef = D7C347931D6585E40051E728 /* icon_m_29pt@3x.png */; };
		D7C3479D1D6585E40051E728 /* icon_m_40pt.png in Resources */ = {isa = PBXBuildFile; fileRef = D7C347941D6585E40051E728 /* icon_m_40pt.png */; };
		D7C3479E1D6585E40051E728 /* icon_m_40pt@2x.png in Resources */ = {isa = PBXBuildFile; fileRef = D7C347951D6585E40051E728 /* icon_m_40pt@2x.png */; };
		D7C3479F1D6585E40051E728 /* icon_m_40pt@3x.png in Resources */ = {isa = PBXBuildFile; fileRef = D7C347961D6585E40051E728 /* icon_m_40pt@3x.png */; };
		D7C347A01D6585E40051E728 /* icon_m_60pt.png in Resources */ = {isa = PBXBuildFile; fileRef = D7C347971D6585E40051E728 /* icon_m_60pt.png */; };
		D7C347A11D6585E40051E728 /* icon_m_60pt@2x.png in Resources */ = {isa = PBXBuildFile; fileRef = D7C347981D6585E40051E728 /* icon_m_60pt@2x.png */; };
		D7C347A21D6585E40051E728 /* icon_m_60pt@3x.png in Resources */ = {isa = PBXBuildFile; fileRef = D7C347991D6585E40051E728 /* icon_m_60pt@3x.png */; };
		D7C347A61D6585F20051E728 /* launch_retina.png in Resources */ = {isa = PBXBuildFile; fileRef = D7C347A31D6585F20051E728 /* launch_retina.png */; };
		D7C347A71D6585F20051E728 /* launch.png in Resources */ = {isa = PBXBuildFile; fileRef = D7C347A41D6585F20051E728 /* launch.png */; };
		D7C347A81D6585F20051E728 /* launch@2x.png in Resources */ = {isa = PBXBuildFile; fileRef = D7C347A51D6585F20051E728 /* launch@2x.png */; };
		D7C347AD1D6587EB0051E728 /* button_fb.png in Resources */ = {isa = PBXBuildFile; fileRef = D7C347AA1D6587EB0051E728 /* button_fb.png */; };
		D7C347AE1D6587EB0051E728 /* button_fb@2x.png in Resources */ = {isa = PBXBuildFile; fileRef = D7C347AB1D6587EB0051E728 /* button_fb@2x.png */; };
		D7C347AF1D6587EB0051E728 /* button_fb@3x.png in Resources */ = {isa = PBXBuildFile; fileRef = D7C347AC1D6587EB0051E728 /* button_fb@3x.png */; };
		D7C347B11D6587FC0051E728 /* bg_main_m.png in Resources */ = {isa = PBXBuildFile; fileRef = D7C347B01D6587FC0051E728 /* bg_main_m.png */; };
		D7C347B41D65884B0051E728 /* button_gg.png in Resources */ = {isa = PBXBuildFile; fileRef = D7C347B21D65884B0051E728 /* button_gg.png */; };
		D7C347B51D65884B0051E728 /* button_gg@2x.png in Resources */ = {isa = PBXBuildFile; fileRef = D7C347B31D65884B0051E728 /* button_gg@2x.png */; };
		D7C347BB1D65BD660051E728 /* VMGrLoginViewController.m in Sources */ = {isa = PBXBuildFile; fileRef = D7C347BA1D65BD660051E728 /* VMGrLoginViewController.m */; };
		D7C347C11D65BD7C0051E728 /* VMGrRootViewController.m in Sources */ = {isa = PBXBuildFile; fileRef = D7C347BE1D65BD7C0051E728 /* VMGrRootViewController.m */; };
		D7C347C21D65BD7C0051E728 /* VMGrViewController.m in Sources */ = {isa = PBXBuildFile; fileRef = D7C347C01D65BD7C0051E728 /* VMGrViewController.m */; };
		D7C347C61D65BDD80051E728 /* VMGrSettingViewController.m in Sources */ = {isa = PBXBuildFile; fileRef = D7C347C51D65BDD80051E728 /* VMGrSettingViewController.m */; };
		D7C347CA1D65BE0A0051E728 /* VMGrMatchesViewController.m in Sources */ = {isa = PBXBuildFile; fileRef = D7C347C91D65BE0A0051E728 /* VMGrMatchesViewController.m */; };
		D7D573D51D66D1B400205DFB /* no_avatar.png in Resources */ = {isa = PBXBuildFile; fileRef = D7D573D21D66D1B400205DFB /* no_avatar.png */; };
		D7D573D61D66D1B400205DFB /* no_avatar@2x.png in Resources */ = {isa = PBXBuildFile; fileRef = D7D573D31D66D1B400205DFB /* no_avatar@2x.png */; };
		D7D573D71D66D1B400205DFB /* no_avatar@3x.png in Resources */ = {isa = PBXBuildFile; fileRef = D7D573D41D66D1B400205DFB /* no_avatar@3x.png */; };
		D7D573DB1D67172700205DFB /* VMGrUtilsFirebase.m in Sources */ = {isa = PBXBuildFile; fileRef = D7D573DA1D67172700205DFB /* VMGrUtilsFirebase.m */; };
		D7E2A2E61DC31FA500793EA3 /* VMGrMatches.m in Sources */ = {isa = PBXBuildFile; fileRef = D7E2A2E51DC31FA500793EA3 /* VMGrMatches.m */; };
/* End PBXBuildFile section */

/* Begin PBXFileReference section */
		321F08901D9B087800E71500 /* VMGrRootTabBarController.h */ = {isa = PBXFileReference; fileEncoding = 4; lastKnownFileType = sourcecode.c.h; path = VMGrRootTabBarController.h; sourceTree = "<group>"; };
		321F08911D9B087800E71500 /* VMGrRootTabBarController.m */ = {isa = PBXFileReference; fileEncoding = 4; lastKnownFileType = sourcecode.c.objc; path = VMGrRootTabBarController.m; sourceTree = "<group>"; };
		3230CEC91D8D88C4001472BD /* delete.png */ = {isa = PBXFileReference; lastKnownFileType = image.png; path = delete.png; sourceTree = "<group>"; };
		3230CECA1D8D88C4001472BD /* delete@2x.png */ = {isa = PBXFileReference; lastKnownFileType = image.png; path = "delete@2x.png"; sourceTree = "<group>"; };
		3230CECB1D8D88C4001472BD /* delete@3x.png */ = {isa = PBXFileReference; lastKnownFileType = image.png; path = "delete@3x.png"; sourceTree = "<group>"; };
		3230CECF1D8D898F001472BD /* VMGrMatchesHeaderViewCell.h */ = {isa = PBXFileReference; fileEncoding = 4; lastKnownFileType = sourcecode.c.h; path = VMGrMatchesHeaderViewCell.h; sourceTree = "<group>"; };
		3230CED01D8D898F001472BD /* VMGrMatchesHeaderViewCell.m */ = {isa = PBXFileReference; fileEncoding = 4; lastKnownFileType = sourcecode.c.objc; path = VMGrMatchesHeaderViewCell.m; sourceTree = "<group>"; };
		3242B6011D8D43450033D41B /* VMGrUser.h */ = {isa = PBXFileReference; fileEncoding = 4; lastKnownFileType = sourcecode.c.h; path = VMGrUser.h; sourceTree = "<group>"; };
		3242B6021D8D43460033D41B /* VMGrUser.m */ = {isa = PBXFileReference; fileEncoding = 4; lastKnownFileType = sourcecode.c.objc; path = VMGrUser.m; sourceTree = "<group>"; };
		3279607F1DC29FC400F7F1DF /* VMGrToy.h */ = {isa = PBXFileReference; fileEncoding = 4; lastKnownFileType = sourcecode.c.h; path = VMGrToy.h; sourceTree = "<group>"; };
		327960801DC29FC400F7F1DF /* VMGrToy.m */ = {isa = PBXFileReference; fileEncoding = 4; lastKnownFileType = sourcecode.c.objc; path = VMGrToy.m; sourceTree = "<group>"; };
		328363E21D8B606E003013E8 /* VMGrMatchesViewCell.h */ = {isa = PBXFileReference; fileEncoding = 4; lastKnownFileType = sourcecode.c.h; path = VMGrMatchesViewCell.h; sourceTree = "<group>"; };
		328363E31D8B606E003013E8 /* VMGrMatchesViewCell.m */ = {isa = PBXFileReference; fileEncoding = 4; lastKnownFileType = sourcecode.c.objc; path = VMGrMatchesViewCell.m; sourceTree = "<group>"; };
		32866B741D67C04F00B13F04 /* VMGrAlertView.h */ = {isa = PBXFileReference; fileEncoding = 4; lastKnownFileType = sourcecode.c.h; path = VMGrAlertView.h; sourceTree = "<group>"; };
		32866B751D67C04F00B13F04 /* VMGrAlertView.m */ = {isa = PBXFileReference; fileEncoding = 4; lastKnownFileType = sourcecode.c.objc; path = VMGrAlertView.m; sourceTree = "<group>"; };
		32866B771D67C08200B13F04 /* VMGrUtilities.h */ = {isa = PBXFileReference; fileEncoding = 4; lastKnownFileType = sourcecode.c.h; path = VMGrUtilities.h; sourceTree = "<group>"; };
		32866B781D67C08200B13F04 /* VMGrUtilities.m */ = {isa = PBXFileReference; fileEncoding = 4; lastKnownFileType = sourcecode.c.objc; path = VMGrUtilities.m; sourceTree = "<group>"; };
		3286ED021DB274330070797C /* GoogleService-Info.plist */ = {isa = PBXFileReference; fileEncoding = 4; lastKnownFileType = text.plist.xml; path = "GoogleService-Info.plist"; sourceTree = "<group>"; };
		32A2D0B71DB2E83500FBB439 /* icon_m_76pt.png */ = {isa = PBXFileReference; lastKnownFileType = image.png; path = icon_m_76pt.png; sourceTree = "<group>"; };
		32A2D0B81DB2E83500FBB439 /* icon_m_76pt@2x.png */ = {isa = PBXFileReference; lastKnownFileType = image.png; path = "icon_m_76pt@2x.png"; sourceTree = "<group>"; };
		32A2D0B91DB2E83500FBB439 /* icon_m_83_5pt@2x.png */ = {isa = PBXFileReference; lastKnownFileType = image.png; path = "icon_m_83_5pt@2x.png"; sourceTree = "<group>"; };
		32DF70FA1D99B61B004E62C8 /* VMGrConversationViewController.h */ = {isa = PBXFileReference; fileEncoding = 4; lastKnownFileType = sourcecode.c.h; path = VMGrConversationViewController.h; sourceTree = "<group>"; };
		32DF70FB1D99B61B004E62C8 /* VMGrConversationViewController.m */ = {isa = PBXFileReference; fileEncoding = 4; lastKnownFileType = sourcecode.c.objc; path = VMGrConversationViewController.m; sourceTree = "<group>"; };
		32DF70FD1D99B632004E62C8 /* VMGrMessage.h */ = {isa = PBXFileReference; fileEncoding = 4; lastKnownFileType = sourcecode.c.h; path = VMGrMessage.h; sourceTree = "<group>"; };
		32DF70FE1D99B632004E62C8 /* VMGrMessage.m */ = {isa = PBXFileReference; fileEncoding = 4; lastKnownFileType = sourcecode.c.objc; path = VMGrMessage.m; sourceTree = "<group>"; };
		32DF71001D99BEE6004E62C8 /* VMGrRecent.h */ = {isa = PBXFileReference; fileEncoding = 4; lastKnownFileType = sourcecode.c.h; path = VMGrRecent.h; sourceTree = "<group>"; };
		32DF71011D99BEE6004E62C8 /* VMGrRecent.m */ = {isa = PBXFileReference; fileEncoding = 4; lastKnownFileType = sourcecode.c.objc; path = VMGrRecent.m; sourceTree = "<group>"; };
		32DF71031D99DCC1004E62C8 /* VMGrRecentViewCell.h */ = {isa = PBXFileReference; fileEncoding = 4; lastKnownFileType = sourcecode.c.h; path = VMGrRecentViewCell.h; sourceTree = "<group>"; };
		32DF71041D99DCC1004E62C8 /* VMGrRecentViewCell.m */ = {isa = PBXFileReference; fileEncoding = 4; lastKnownFileType = sourcecode.c.objc; path = VMGrRecentViewCell.m; sourceTree = "<group>"; };
		BE6316DE1390A740EF62E383 /* Pods-KidsGift.debug.xcconfig */ = {isa = PBXFileReference; includeInIndex = 1; lastKnownFileType = text.xcconfig; name = "Pods-KidsGift.debug.xcconfig"; path = "Pods/Target Support Files/Pods-KidsGift/Pods-KidsGift.debug.xcconfig"; sourceTree = "<group>"; };
		D71E19D71D7E894900DCDCF3 /* logo_m.png */ = {isa = PBXFileReference; lastKnownFileType = image.png; path = logo_m.png; sourceTree = "<group>"; };
		D71E19D81D7E894900DCDCF3 /* logo_m@2x.png */ = {isa = PBXFileReference; lastKnownFileType = image.png; path = "logo_m@2x.png"; sourceTree = "<group>"; };
		D71E19D91D7E894900DCDCF3 /* logo_m@3x.png */ = {isa = PBXFileReference; lastKnownFileType = image.png; path = "logo_m@3x.png"; sourceTree = "<group>"; };
		D71E19DA1D7E894900DCDCF3 /* logo_text.png */ = {isa = PBXFileReference; lastKnownFileType = image.png; path = logo_text.png; sourceTree = "<group>"; };
		D71E19DB1D7E894900DCDCF3 /* logo_text@2x.png */ = {isa = PBXFileReference; lastKnownFileType = image.png; path = "logo_text@2x.png"; sourceTree = "<group>"; };
		D71E19DC1D7E894900DCDCF3 /* logo_text@3x.png */ = {isa = PBXFileReference; lastKnownFileType = image.png; path = "logo_text@3x.png"; sourceTree = "<group>"; };
		D71E19E31D7E8E5400DCDCF3 /* back_menu.png */ = {isa = PBXFileReference; lastKnownFileType = image.png; path = back_menu.png; sourceTree = "<group>"; };
		D71E19E41D7E8E5400DCDCF3 /* back_menu@2x.png */ = {isa = PBXFileReference; lastKnownFileType = image.png; path = "back_menu@2x.png"; sourceTree = "<group>"; };
		D71E19E51D7E8E5400DCDCF3 /* back_menu@3x.png */ = {isa = PBXFileReference; lastKnownFileType = image.png; path = "back_menu@3x.png"; sourceTree = "<group>"; };
		D71E19E91D7E8E8600DCDCF3 /* icon_menu.png */ = {isa = PBXFileReference; lastKnownFileType = image.png; path = icon_menu.png; sourceTree = "<group>"; };
		D71E19EA1D7E8E8600DCDCF3 /* icon_menu@2x.png */ = {isa = PBXFileReference; lastKnownFileType = image.png; path = "icon_menu@2x.png"; sourceTree = "<group>"; };
		D71E19EB1D7E8E8600DCDCF3 /* icon_menu@3x.png */ = {isa = PBXFileReference; lastKnownFileType = image.png; path = "icon_menu@3x.png"; sourceTree = "<group>"; };
		D71E19F01D7E906100DCDCF3 /* VMGrMenuViewCell.h */ = {isa = PBXFileReference; fileEncoding = 4; lastKnownFileType = sourcecode.c.h; path = VMGrMenuViewCell.h; sourceTree = "<group>"; };
		D71E19F11D7E906100DCDCF3 /* VMGrMenuViewCell.m */ = {isa = PBXFileReference; fileEncoding = 4; lastKnownFileType = sourcecode.c.objc; path = VMGrMenuViewCell.m; sourceTree = "<group>"; };
		D71E19F31D7E991C00DCDCF3 /* icon_logout.png */ = {isa = PBXFileReference; lastKnownFileType = image.png; path = icon_logout.png; sourceTree = "<group>"; };
		D71E19F41D7E991C00DCDCF3 /* icon_logout@2x.png */ = {isa = PBXFileReference; lastKnownFileType = image.png; path = "icon_logout@2x.png"; sourceTree = "<group>"; };
		D71E19F51D7E991C00DCDCF3 /* icon_logout@3x.png */ = {isa = PBXFileReference; lastKnownFileType = image.png; path = "icon_logout@3x.png"; sourceTree = "<group>"; };
		D758001D1D811F1D00725FFB /* KidsGift.entitlements */ = {isa = PBXFileReference; lastKnownFileType = text.xml; path = KidsGift.entitlements; sourceTree = "<group>"; };
		D75800241D812C2600725FFB /* setting.png */ = {isa = PBXFileReference; lastKnownFileType = image.png; path = setting.png; sourceTree = "<group>"; };
		D75800251D812C2600725FFB /* star.png */ = {isa = PBXFileReference; lastKnownFileType = image.png; path = star.png; sourceTree = "<group>"; };
		D75800281D812C9A00725FFB /* star@2x.png */ = {isa = PBXFileReference; lastKnownFileType = image.png; path = "star@2x.png"; sourceTree = "<group>"; };
		D75800291D812C9A00725FFB /* star@3xpng.png */ = {isa = PBXFileReference; lastKnownFileType = image.png; path = "star@3xpng.png"; sourceTree = "<group>"; };
		D758002C1D812CF700725FFB /* user.png */ = {isa = PBXFileReference; lastKnownFileType = image.png; path = user.png; sourceTree = "<group>"; };
		D758002D1D812CF700725FFB /* user@2x.png */ = {isa = PBXFileReference; lastKnownFileType = image.png; path = "user@2x.png"; sourceTree = "<group>"; };
		D758002E1D812CF700725FFB /* user@3x.png */ = {isa = PBXFileReference; lastKnownFileType = image.png; path = "user@3x.png"; sourceTree = "<group>"; };
		D75800321D812FC300725FFB /* VMGrSetupViewCell.h */ = {isa = PBXFileReference; fileEncoding = 4; lastKnownFileType = sourcecode.c.h; path = VMGrSetupViewCell.h; sourceTree = "<group>"; };
		D75800331D812FC300725FFB /* VMGrSetupViewCell.m */ = {isa = PBXFileReference; fileEncoding = 4; lastKnownFileType = sourcecode.c.objc; path = VMGrSetupViewCell.m; sourceTree = "<group>"; };
		D76281701D800F9700D6CD50 /* VMGrToyViewCell.h */ = {isa = PBXFileReference; fileEncoding = 4; lastKnownFileType = sourcecode.c.h; path = VMGrToyViewCell.h; sourceTree = "<group>"; };
		D76281711D800F9700D6CD50 /* VMGrToyViewCell.m */ = {isa = PBXFileReference; fileEncoding = 4; lastKnownFileType = sourcecode.c.objc; path = VMGrToyViewCell.m; sourceTree = "<group>"; };
		D76281731D8010FC00D6CD50 /* check.png */ = {isa = PBXFileReference; lastKnownFileType = image.png; path = check.png; sourceTree = "<group>"; };
		D76281741D8010FC00D6CD50 /* check@2x.png */ = {isa = PBXFileReference; lastKnownFileType = image.png; path = "check@2x.png"; sourceTree = "<group>"; };
		D76281751D8010FC00D6CD50 /* check@3x.png */ = {isa = PBXFileReference; lastKnownFileType = image.png; path = "check@3x.png"; sourceTree = "<group>"; };
		D76611941D7FCF5F00990506 /* arrow.png */ = {isa = PBXFileReference; lastKnownFileType = image.png; path = arrow.png; sourceTree = "<group>"; };
		D76611951D7FCF5F00990506 /* arrow@2x.png */ = {isa = PBXFileReference; lastKnownFileType = image.png; path = "arrow@2x.png"; sourceTree = "<group>"; };
		D76611961D7FCF5F00990506 /* arrow@3x.png */ = {isa = PBXFileReference; lastKnownFileType = image.png; path = "arrow@3x.png"; sourceTree = "<group>"; };
		D766119B1D7FDE3100990506 /* VMGrSetupViewController.h */ = {isa = PBXFileReference; fileEncoding = 4; lastKnownFileType = sourcecode.c.h; path = VMGrSetupViewController.h; sourceTree = "<group>"; };
		D766119C1D7FDE3100990506 /* VMGrSetupViewController.m */ = {isa = PBXFileReference; fileEncoding = 4; lastKnownFileType = sourcecode.c.objc; path = VMGrSetupViewController.m; sourceTree = "<group>"; };
		D766119F1D7FDE5000990506 /* VMGrChatViewController.h */ = {isa = PBXFileReference; fileEncoding = 4; lastKnownFileType = sourcecode.c.h; path = VMGrChatViewController.h; sourceTree = "<group>"; };
		D76611A01D7FDE5000990506 /* VMGrChatViewController.m */ = {isa = PBXFileReference; fileEncoding = 4; lastKnownFileType = sourcecode.c.objc; path = VMGrChatViewController.m; sourceTree = "<group>"; };
		D76611A31D7FF67600990506 /* VMGrListToysViewController.h */ = {isa = PBXFileReference; fileEncoding = 4; lastKnownFileType = sourcecode.c.h; path = VMGrListToysViewController.h; sourceTree = "<group>"; };
		D76611A41D7FF67600990506 /* VMGrListToysViewController.m */ = {isa = PBXFileReference; fileEncoding = 4; lastKnownFileType = sourcecode.c.objc; path = VMGrListToysViewController.m; sourceTree = "<group>"; };
		D76794A01D9A89BF0095B89C /* chat.png */ = {isa = PBXFileReference; lastKnownFileType = image.png; path = chat.png; sourceTree = "<group>"; };
		D76794A11D9A89BF0095B89C /* chat@2x.png */ = {isa = PBXFileReference; lastKnownFileType = image.png; path = "chat@2x.png"; sourceTree = "<group>"; };
		D76794A21D9A89BF0095B89C /* chat@3x.png */ = {isa = PBXFileReference; lastKnownFileType = image.png; path = "chat@3x.png"; sourceTree = "<group>"; };
		D76794A31D9A89BF0095B89C /* find.png */ = {isa = PBXFileReference; lastKnownFileType = image.png; path = find.png; sourceTree = "<group>"; };
		D76794A41D9A89BF0095B89C /* find@2x.png */ = {isa = PBXFileReference; lastKnownFileType = image.png; path = "find@2x.png"; sourceTree = "<group>"; };
		D76794A51D9A89BF0095B89C /* find@3x.png */ = {isa = PBXFileReference; lastKnownFileType = image.png; path = "find@3x.png"; sourceTree = "<group>"; };
		D7C3476E1D6579C40051E728 /* KidsGift.app */ = {isa = PBXFileReference; explicitFileType = wrapper.application; includeInIndex = 0; path = KidsGift.app; sourceTree = BUILT_PRODUCTS_DIR; };
		D7C347721D6579C40051E728 /* main.m */ = {isa = PBXFileReference; lastKnownFileType = sourcecode.c.objc; path = main.m; sourceTree = "<group>"; };
		D7C347741D6579C40051E728 /* AppDelegate.h */ = {isa = PBXFileReference; lastKnownFileType = sourcecode.c.h; path = AppDelegate.h; sourceTree = "<group>"; };
		D7C347751D6579C40051E728 /* AppDelegate.m */ = {isa = PBXFileReference; lastKnownFileType = sourcecode.c.objc; path = AppDelegate.m; sourceTree = "<group>"; };
		D7C3477E1D6579C40051E728 /* Base */ = {isa = PBXFileReference; lastKnownFileType = file.storyboard; name = Base; path = Base.lproj/Main.storyboard; sourceTree = "<group>"; };
		D7C347801D6579C40051E728 /* Assets.xcassets */ = {isa = PBXFileReference; lastKnownFileType = folder.assetcatalog; path = Assets.xcassets; sourceTree = "<group>"; };
		D7C347831D6579C40051E728 /* Base */ = {isa = PBXFileReference; lastKnownFileType = file.storyboard; name = Base; path = Base.lproj/LaunchScreen.storyboard; sourceTree = "<group>"; };
		D7C347851D6579C40051E728 /* Info.plist */ = {isa = PBXFileReference; lastKnownFileType = text.plist.xml; path = Info.plist; sourceTree = "<group>"; };
		D7C347911D6585E40051E728 /* icon_m_29pt.png */ = {isa = PBXFileReference; lastKnownFileType = image.png; path = icon_m_29pt.png; sourceTree = "<group>"; };
		D7C347921D6585E40051E728 /* icon_m_29pt@2x.png */ = {isa = PBXFileReference; lastKnownFileType = image.png; path = "icon_m_29pt@2x.png"; sourceTree = "<group>"; };
		D7C347931D6585E40051E728 /* icon_m_29pt@3x.png */ = {isa = PBXFileReference; lastKnownFileType = image.png; path = "icon_m_29pt@3x.png"; sourceTree = "<group>"; };
		D7C347941D6585E40051E728 /* icon_m_40pt.png */ = {isa = PBXFileReference; lastKnownFileType = image.png; path = icon_m_40pt.png; sourceTree = "<group>"; };
		D7C347951D6585E40051E728 /* icon_m_40pt@2x.png */ = {isa = PBXFileReference; lastKnownFileType = image.png; path = "icon_m_40pt@2x.png"; sourceTree = "<group>"; };
		D7C347961D6585E40051E728 /* icon_m_40pt@3x.png */ = {isa = PBXFileReference; lastKnownFileType = image.png; path = "icon_m_40pt@3x.png"; sourceTree = "<group>"; };
		D7C347971D6585E40051E728 /* icon_m_60pt.png */ = {isa = PBXFileReference; lastKnownFileType = image.png; path = icon_m_60pt.png; sourceTree = "<group>"; };
		D7C347981D6585E40051E728 /* icon_m_60pt@2x.png */ = {isa = PBXFileReference; lastKnownFileType = image.png; path = "icon_m_60pt@2x.png"; sourceTree = "<group>"; };
		D7C347991D6585E40051E728 /* icon_m_60pt@3x.png */ = {isa = PBXFileReference; lastKnownFileType = image.png; path = "icon_m_60pt@3x.png"; sourceTree = "<group>"; };
		D7C347A31D6585F20051E728 /* launch_retina.png */ = {isa = PBXFileReference; lastKnownFileType = image.png; path = launch_retina.png; sourceTree = "<group>"; };
		D7C347A41D6585F20051E728 /* launch.png */ = {isa = PBXFileReference; lastKnownFileType = image.png; path = launch.png; sourceTree = "<group>"; };
		D7C347A51D6585F20051E728 /* launch@2x.png */ = {isa = PBXFileReference; lastKnownFileType = image.png; path = "launch@2x.png"; sourceTree = "<group>"; };
		D7C347AA1D6587EB0051E728 /* button_fb.png */ = {isa = PBXFileReference; lastKnownFileType = image.png; path = button_fb.png; sourceTree = "<group>"; };
		D7C347AB1D6587EB0051E728 /* button_fb@2x.png */ = {isa = PBXFileReference; lastKnownFileType = image.png; path = "button_fb@2x.png"; sourceTree = "<group>"; };
		D7C347AC1D6587EB0051E728 /* button_fb@3x.png */ = {isa = PBXFileReference; lastKnownFileType = image.png; path = "button_fb@3x.png"; sourceTree = "<group>"; };
		D7C347B01D6587FC0051E728 /* bg_main_m.png */ = {isa = PBXFileReference; lastKnownFileType = image.png; path = bg_main_m.png; sourceTree = "<group>"; };
		D7C347B21D65884B0051E728 /* button_gg.png */ = {isa = PBXFileReference; lastKnownFileType = image.png; path = button_gg.png; sourceTree = "<group>"; };
		D7C347B31D65884B0051E728 /* button_gg@2x.png */ = {isa = PBXFileReference; lastKnownFileType = image.png; path = "button_gg@2x.png"; sourceTree = "<group>"; };
		D7C347B91D65BD660051E728 /* VMGrLoginViewController.h */ = {isa = PBXFileReference; fileEncoding = 4; lastKnownFileType = sourcecode.c.h; path = VMGrLoginViewController.h; sourceTree = "<group>"; };
		D7C347BA1D65BD660051E728 /* VMGrLoginViewController.m */ = {isa = PBXFileReference; fileEncoding = 4; lastKnownFileType = sourcecode.c.objc; path = VMGrLoginViewController.m; sourceTree = "<group>"; };
		D7C347BD1D65BD7C0051E728 /* VMGrRootViewController.h */ = {isa = PBXFileReference; fileEncoding = 4; lastKnownFileType = sourcecode.c.h; path = VMGrRootViewController.h; sourceTree = "<group>"; };
		D7C347BE1D65BD7C0051E728 /* VMGrRootViewController.m */ = {isa = PBXFileReference; fileEncoding = 4; lastKnownFileType = sourcecode.c.objc; path = VMGrRootViewController.m; sourceTree = "<group>"; };
		D7C347BF1D65BD7C0051E728 /* VMGrViewController.h */ = {isa = PBXFileReference; fileEncoding = 4; lastKnownFileType = sourcecode.c.h; path = VMGrViewController.h; sourceTree = "<group>"; };
		D7C347C01D65BD7C0051E728 /* VMGrViewController.m */ = {isa = PBXFileReference; fileEncoding = 4; lastKnownFileType = sourcecode.c.objc; path = VMGrViewController.m; sourceTree = "<group>"; };
		D7C347C41D65BDD80051E728 /* VMGrSettingViewController.h */ = {isa = PBXFileReference; fileEncoding = 4; lastKnownFileType = sourcecode.c.h; path = VMGrSettingViewController.h; sourceTree = "<group>"; };
		D7C347C51D65BDD80051E728 /* VMGrSettingViewController.m */ = {isa = PBXFileReference; fileEncoding = 4; lastKnownFileType = sourcecode.c.objc; path = VMGrSettingViewController.m; sourceTree = "<group>"; };
		D7C347C81D65BE0A0051E728 /* VMGrMatchesViewController.h */ = {isa = PBXFileReference; fileEncoding = 4; lastKnownFileType = sourcecode.c.h; path = VMGrMatchesViewController.h; sourceTree = "<group>"; };
		D7C347C91D65BE0A0051E728 /* VMGrMatchesViewController.m */ = {isa = PBXFileReference; fileEncoding = 4; lastKnownFileType = sourcecode.c.objc; path = VMGrMatchesViewController.m; sourceTree = "<group>"; };
		D7C347CB1D65BE520051E728 /* AppConstant.h */ = {isa = PBXFileReference; lastKnownFileType = sourcecode.c.h; path = AppConstant.h; sourceTree = "<group>"; };
		D7D573D21D66D1B400205DFB /* no_avatar.png */ = {isa = PBXFileReference; lastKnownFileType = image.png; path = no_avatar.png; sourceTree = "<group>"; };
		D7D573D31D66D1B400205DFB /* no_avatar@2x.png */ = {isa = PBXFileReference; lastKnownFileType = image.png; path = "no_avatar@2x.png"; sourceTree = "<group>"; };
		D7D573D41D66D1B400205DFB /* no_avatar@3x.png */ = {isa = PBXFileReference; lastKnownFileType = image.png; path = "no_avatar@3x.png"; sourceTree = "<group>"; };
		D7D573D91D67172700205DFB /* VMGrUtilsFirebase.h */ = {isa = PBXFileReference; fileEncoding = 4; lastKnownFileType = sourcecode.c.h; path = VMGrUtilsFirebase.h; sourceTree = "<group>"; };
		D7D573DA1D67172700205DFB /* VMGrUtilsFirebase.m */ = {isa = PBXFileReference; fileEncoding = 4; lastKnownFileType = sourcecode.c.objc; path = VMGrUtilsFirebase.m; sourceTree = "<group>"; };
		D7E2A2E41DC31FA500793EA3 /* VMGrMatches.h */ = {isa = PBXFileReference; fileEncoding = 4; lastKnownFileType = sourcecode.c.h; path = VMGrMatches.h; sourceTree = "<group>"; };
		D7E2A2E51DC31FA500793EA3 /* VMGrMatches.m */ = {isa = PBXFileReference; fileEncoding = 4; lastKnownFileType = sourcecode.c.objc; path = VMGrMatches.m; sourceTree = "<group>"; };
		EA2F8BA713E71D22A10D29B0 /* Pods-KidsGift.release.xcconfig */ = {isa = PBXFileReference; includeInIndex = 1; lastKnownFileType = text.xcconfig; name = "Pods-KidsGift.release.xcconfig"; path = "Pods/Target Support Files/Pods-KidsGift/Pods-KidsGift.release.xcconfig"; sourceTree = "<group>"; };
		FD1251720982612AFE8300FD /* libPods-KidsGift.a */ = {isa = PBXFileReference; explicitFileType = archive.ar; includeInIndex = 0; path = "libPods-KidsGift.a"; sourceTree = BUILT_PRODUCTS_DIR; };
/* End PBXFileReference section */

/* Begin PBXFrameworksBuildPhase section */
		D7C3476B1D6579C40051E728 /* Frameworks */ = {
			isa = PBXFrameworksBuildPhase;
			buildActionMask = 2147483647;
			files = (
				D4A16163C6B5F00A0CB39815 /* libPods-KidsGift.a in Frameworks */,
			);
			runOnlyForDeploymentPostprocessing = 0;
		};
/* End PBXFrameworksBuildPhase section */

/* Begin PBXGroup section */
		32866B731D67C04100B13F04 /* Utilities */ = {
			isa = PBXGroup;
			children = (
				32866B741D67C04F00B13F04 /* VMGrAlertView.h */,
				32866B751D67C04F00B13F04 /* VMGrAlertView.m */,
				32866B771D67C08200B13F04 /* VMGrUtilities.h */,
				32866B781D67C08200B13F04 /* VMGrUtilities.m */,
			);
			path = Utilities;
			sourceTree = "<group>";
		};
		32DF70F91D99B61B004E62C8 /* ConversationVC */ = {
			isa = PBXGroup;
			children = (
				32DF70FA1D99B61B004E62C8 /* VMGrConversationViewController.h */,
				32DF70FB1D99B61B004E62C8 /* VMGrConversationViewController.m */,
			);
			path = ConversationVC;
			sourceTree = "<group>";
		};
		33FD2A5344D4564B93AC5EFE /* Frameworks */ = {
			isa = PBXGroup;
			children = (
				FD1251720982612AFE8300FD /* libPods-KidsGift.a */,
			);
			name = Frameworks;
			sourceTree = "<group>";
		};
		8B974E845BF3A1C95BECA82B /* Pods */ = {
			isa = PBXGroup;
			children = (
				BE6316DE1390A740EF62E383 /* Pods-KidsGift.debug.xcconfig */,
				EA2F8BA713E71D22A10D29B0 /* Pods-KidsGift.release.xcconfig */,
			);
			name = Pods;
			sourceTree = "<group>";
		};
		D71E19EF1D7E903200DCDCF3 /* ViewCell */ = {
			isa = PBXGroup;
			children = (
				D71E19F01D7E906100DCDCF3 /* VMGrMenuViewCell.h */,
				D71E19F11D7E906100DCDCF3 /* VMGrMenuViewCell.m */,
				D76281701D800F9700D6CD50 /* VMGrToyViewCell.h */,
				D76281711D800F9700D6CD50 /* VMGrToyViewCell.m */,
				D75800321D812FC300725FFB /* VMGrSetupViewCell.h */,
				D75800331D812FC300725FFB /* VMGrSetupViewCell.m */,
				328363E21D8B606E003013E8 /* VMGrMatchesViewCell.h */,
				328363E31D8B606E003013E8 /* VMGrMatchesViewCell.m */,
				3230CECF1D8D898F001472BD /* VMGrMatchesHeaderViewCell.h */,
				3230CED01D8D898F001472BD /* VMGrMatchesHeaderViewCell.m */,
				32DF71031D99DCC1004E62C8 /* VMGrRecentViewCell.h */,
				32DF71041D99DCC1004E62C8 /* VMGrRecentViewCell.m */,
			);
			path = ViewCell;
			sourceTree = "<group>";
		};
		D766119A1D7FDE0E00990506 /* SetupVC */ = {
			isa = PBXGroup;
			children = (
				D766119B1D7FDE3100990506 /* VMGrSetupViewController.h */,
				D766119C1D7FDE3100990506 /* VMGrSetupViewController.m */,
			);
			path = SetupVC;
			sourceTree = "<group>";
		};
		D766119E1D7FDE4000990506 /* ChatVC */ = {
			isa = PBXGroup;
			children = (
				D766119F1D7FDE5000990506 /* VMGrChatViewController.h */,
				D76611A01D7FDE5000990506 /* VMGrChatViewController.m */,
			);
			path = ChatVC;
			sourceTree = "<group>";
		};
		D76611A21D7FF66500990506 /* ListToysVC */ = {
			isa = PBXGroup;
			children = (
				D76611A31D7FF67600990506 /* VMGrListToysViewController.h */,
				D76611A41D7FF67600990506 /* VMGrListToysViewController.m */,
			);
			path = ListToysVC;
			sourceTree = "<group>";
		};
		D7C347651D6579C40051E728 = {
			isa = PBXGroup;
			children = (
				D7C347701D6579C40051E728 /* KidsGift */,
				D7C3476F1D6579C40051E728 /* Products */,
				8B974E845BF3A1C95BECA82B /* Pods */,
				33FD2A5344D4564B93AC5EFE /* Frameworks */,
			);
			sourceTree = "<group>";
		};
		D7C3476F1D6579C40051E728 /* Products */ = {
			isa = PBXGroup;
			children = (
				D7C3476E1D6579C40051E728 /* KidsGift.app */,
			);
			name = Products;
			sourceTree = "<group>";
		};
		D7C347701D6579C40051E728 /* KidsGift */ = {
			isa = PBXGroup;
			children = (
				D758001D1D811F1D00725FFB /* KidsGift.entitlements */,
				D71E19EF1D7E903200DCDCF3 /* ViewCell */,
				32866B731D67C04100B13F04 /* Utilities */,
				D7D573D81D6716FF00205DFB /* Model */,
				D7C3478F1D6585B20051E728 /* Resources */,
				D7C3478B1D6585480051E728 /* ViewController */,
				D7C347741D6579C40051E728 /* AppDelegate.h */,
				D7C347751D6579C40051E728 /* AppDelegate.m */,
				D7C347CB1D65BE520051E728 /* AppConstant.h */,
				D7C3477D1D6579C40051E728 /* Main.storyboard */,
				D7C347801D6579C40051E728 /* Assets.xcassets */,
				D7C347821D6579C40051E728 /* LaunchScreen.storyboard */,
				D7C347851D6579C40051E728 /* Info.plist */,
				3286ED021DB274330070797C /* GoogleService-Info.plist */,
				D7C347711D6579C40051E728 /* Supporting Files */,
			);
			path = KidsGift;
			sourceTree = "<group>";
		};
		D7C347711D6579C40051E728 /* Supporting Files */ = {
			isa = PBXGroup;
			children = (
				D7C347721D6579C40051E728 /* main.m */,
			);
			name = "Supporting Files";
			sourceTree = "<group>";
		};
		D7C3478B1D6585480051E728 /* ViewController */ = {
			isa = PBXGroup;
			children = (
				32DF70F91D99B61B004E62C8 /* ConversationVC */,
				D76611A21D7FF66500990506 /* ListToysVC */,
				D766119E1D7FDE4000990506 /* ChatVC */,
				D766119A1D7FDE0E00990506 /* SetupVC */,
				D7C347C71D65BDF50051E728 /* MatchesVC */,
				D7C347C31D65BDCA0051E728 /* SettingVC */,
				D7C347BC1D65BD7C0051E728 /* RootVC */,
				D7C347B81D65BD440051E728 /* LoginVC */,
			);
			path = ViewController;
			sourceTree = "<group>";
		};
		D7C3478F1D6585B20051E728 /* Resources */ = {
			isa = PBXGroup;
			children = (
				D7C347A91D6587C20051E728 /* Images */,
				D7C347901D6585C50051E728 /* Icons */,
			);
			path = Resources;
			sourceTree = "<group>";
		};
		D7C347901D6585C50051E728 /* Icons */ = {
			isa = PBXGroup;
			children = (
				D7C347A31D6585F20051E728 /* launch_retina.png */,
				D7C347A41D6585F20051E728 /* launch.png */,
				D7C347A51D6585F20051E728 /* launch@2x.png */,
				D7C347911D6585E40051E728 /* icon_m_29pt.png */,
				D7C347921D6585E40051E728 /* icon_m_29pt@2x.png */,
				D7C347931D6585E40051E728 /* icon_m_29pt@3x.png */,
				D7C347941D6585E40051E728 /* icon_m_40pt.png */,
				D7C347951D6585E40051E728 /* icon_m_40pt@2x.png */,
				D7C347961D6585E40051E728 /* icon_m_40pt@3x.png */,
				D7C347971D6585E40051E728 /* icon_m_60pt.png */,
				D7C347981D6585E40051E728 /* icon_m_60pt@2x.png */,
				D7C347991D6585E40051E728 /* icon_m_60pt@3x.png */,
				32A2D0B71DB2E83500FBB439 /* icon_m_76pt.png */,
				32A2D0B81DB2E83500FBB439 /* icon_m_76pt@2x.png */,
				32A2D0B91DB2E83500FBB439 /* icon_m_83_5pt@2x.png */,
			);
			path = Icons;
			sourceTree = "<group>";
		};
		D7C347A91D6587C20051E728 /* Images */ = {
			isa = PBXGroup;
			children = (
				D76794A01D9A89BF0095B89C /* chat.png */,
				D76794A11D9A89BF0095B89C /* chat@2x.png */,
				D76794A21D9A89BF0095B89C /* chat@3x.png */,
				D76794A31D9A89BF0095B89C /* find.png */,
				D76794A41D9A89BF0095B89C /* find@2x.png */,
				D76794A51D9A89BF0095B89C /* find@3x.png */,
				3230CEC91D8D88C4001472BD /* delete.png */,
				3230CECA1D8D88C4001472BD /* delete@2x.png */,
				3230CECB1D8D88C4001472BD /* delete@3x.png */,
				D758002C1D812CF700725FFB /* user.png */,
				D758002D1D812CF700725FFB /* user@2x.png */,
				D758002E1D812CF700725FFB /* user@3x.png */,
				D75800241D812C2600725FFB /* setting.png */,
				D75800251D812C2600725FFB /* star.png */,
				D75800281D812C9A00725FFB /* star@2x.png */,
				D75800291D812C9A00725FFB /* star@3xpng.png */,
				D76281731D8010FC00D6CD50 /* check.png */,
				D76281741D8010FC00D6CD50 /* check@2x.png */,
				D76281751D8010FC00D6CD50 /* check@3x.png */,
				D76611941D7FCF5F00990506 /* arrow.png */,
				D76611951D7FCF5F00990506 /* arrow@2x.png */,
				D76611961D7FCF5F00990506 /* arrow@3x.png */,
				D71E19F31D7E991C00DCDCF3 /* icon_logout.png */,
				D71E19F41D7E991C00DCDCF3 /* icon_logout@2x.png */,
				D71E19F51D7E991C00DCDCF3 /* icon_logout@3x.png */,
				D71E19E91D7E8E8600DCDCF3 /* icon_menu.png */,
				D71E19EA1D7E8E8600DCDCF3 /* icon_menu@2x.png */,
				D71E19EB1D7E8E8600DCDCF3 /* icon_menu@3x.png */,
				D71E19E31D7E8E5400DCDCF3 /* back_menu.png */,
				D71E19E41D7E8E5400DCDCF3 /* back_menu@2x.png */,
				D71E19E51D7E8E5400DCDCF3 /* back_menu@3x.png */,
				D71E19D71D7E894900DCDCF3 /* logo_m.png */,
				D71E19D81D7E894900DCDCF3 /* logo_m@2x.png */,
				D71E19D91D7E894900DCDCF3 /* logo_m@3x.png */,
				D71E19DA1D7E894900DCDCF3 /* logo_text.png */,
				D71E19DB1D7E894900DCDCF3 /* logo_text@2x.png */,
				D71E19DC1D7E894900DCDCF3 /* logo_text@3x.png */,
				D7D573D21D66D1B400205DFB /* no_avatar.png */,
				D7D573D31D66D1B400205DFB /* no_avatar@2x.png */,
				D7D573D41D66D1B400205DFB /* no_avatar@3x.png */,
				D7C347B21D65884B0051E728 /* button_gg.png */,
				D7C347B31D65884B0051E728 /* button_gg@2x.png */,
				D7C347B01D6587FC0051E728 /* bg_main_m.png */,
				D7C347AA1D6587EB0051E728 /* button_fb.png */,
				D7C347AB1D6587EB0051E728 /* button_fb@2x.png */,
				D7C347AC1D6587EB0051E728 /* button_fb@3x.png */,
			);
			path = Images;
			sourceTree = "<group>";
		};
		D7C347B81D65BD440051E728 /* LoginVC */ = {
			isa = PBXGroup;
			children = (
				D7C347B91D65BD660051E728 /* VMGrLoginViewController.h */,
				D7C347BA1D65BD660051E728 /* VMGrLoginViewController.m */,
			);
			path = LoginVC;
			sourceTree = "<group>";
		};
		D7C347BC1D65BD7C0051E728 /* RootVC */ = {
			isa = PBXGroup;
			children = (
				D7C347BD1D65BD7C0051E728 /* VMGrRootViewController.h */,
				D7C347BE1D65BD7C0051E728 /* VMGrRootViewController.m */,
				D7C347BF1D65BD7C0051E728 /* VMGrViewController.h */,
				D7C347C01D65BD7C0051E728 /* VMGrViewController.m */,
				321F08901D9B087800E71500 /* VMGrRootTabBarController.h */,
				321F08911D9B087800E71500 /* VMGrRootTabBarController.m */,
			);
			path = RootVC;
			sourceTree = "<group>";
		};
		D7C347C31D65BDCA0051E728 /* SettingVC */ = {
			isa = PBXGroup;
			children = (
				D7C347C41D65BDD80051E728 /* VMGrSettingViewController.h */,
				D7C347C51D65BDD80051E728 /* VMGrSettingViewController.m */,
			);
			path = SettingVC;
			sourceTree = "<group>";
		};
		D7C347C71D65BDF50051E728 /* MatchesVC */ = {
			isa = PBXGroup;
			children = (
				D7C347C81D65BE0A0051E728 /* VMGrMatchesViewController.h */,
				D7C347C91D65BE0A0051E728 /* VMGrMatchesViewController.m */,
			);
			path = MatchesVC;
			sourceTree = "<group>";
		};
		D7D573D81D6716FF00205DFB /* Model */ = {
			isa = PBXGroup;
			children = (
				32DF70FD1D99B632004E62C8 /* VMGrMessage.h */,
				32DF70FE1D99B632004E62C8 /* VMGrMessage.m */,
				D7D573D91D67172700205DFB /* VMGrUtilsFirebase.h */,
				D7D573DA1D67172700205DFB /* VMGrUtilsFirebase.m */,
				3242B6011D8D43450033D41B /* VMGrUser.h */,
				3242B6021D8D43460033D41B /* VMGrUser.m */,
				32DF71001D99BEE6004E62C8 /* VMGrRecent.h */,
				32DF71011D99BEE6004E62C8 /* VMGrRecent.m */,
				3279607F1DC29FC400F7F1DF /* VMGrToy.h */,
				327960801DC29FC400F7F1DF /* VMGrToy.m */,
				D7E2A2E41DC31FA500793EA3 /* VMGrMatches.h */,
				D7E2A2E51DC31FA500793EA3 /* VMGrMatches.m */,
			);
			path = Model;
			sourceTree = "<group>";
		};
/* End PBXGroup section */

/* Begin PBXNativeTarget section */
		D7C3476D1D6579C40051E728 /* KidsGift */ = {
			isa = PBXNativeTarget;
			buildConfigurationList = D7C347881D6579C40051E728 /* Build configuration list for PBXNativeTarget "KidsGift" */;
			buildPhases = (
				0561787FCA9555F8F7F57195 /* [CP] Check Pods Manifest.lock */,
				D7C3476A1D6579C40051E728 /* Sources */,
				D7C3476B1D6579C40051E728 /* Frameworks */,
				D7C3476C1D6579C40051E728 /* Resources */,
				A617E8ACB6A3B0D2AAAC081A /* [CP] Embed Pods Frameworks */,
				530B3948EAF5017A53A5283F /* [CP] Copy Pods Resources */,
				35C7EFE974C7052D418D9859 /* Embed Pods Frameworks */,
			);
			buildRules = (
			);
			dependencies = (
			);
			name = KidsGift;
			productName = KidsGift;
			productReference = D7C3476E1D6579C40051E728 /* KidsGift.app */;
			productType = "com.apple.product-type.application";
		};
/* End PBXNativeTarget section */

/* Begin PBXProject section */
		D7C347661D6579C40051E728 /* Project object */ = {
			isa = PBXProject;
			attributes = {
				LastUpgradeCheck = 0730;
				ORGANIZATIONNAME = Mobifocuz;
				TargetAttributes = {
					D7C3476D1D6579C40051E728 = {
						CreatedOnToolsVersion = 7.3.1;
						DevelopmentTeam = BAB5QR9DE9;
						SystemCapabilities = {
							com.apple.Keychain = {
								enabled = 1;
							};
						};
					};
				};
			};
			buildConfigurationList = D7C347691D6579C40051E728 /* Build configuration list for PBXProject "KidsGift" */;
			compatibilityVersion = "Xcode 3.2";
			developmentRegion = English;
			hasScannedForEncodings = 0;
			knownRegions = (
				en,
				Base,
			);
			mainGroup = D7C347651D6579C40051E728;
			productRefGroup = D7C3476F1D6579C40051E728 /* Products */;
			projectDirPath = "";
			projectRoot = "";
			targets = (
				D7C3476D1D6579C40051E728 /* KidsGift */,
			);
		};
/* End PBXProject section */

/* Begin PBXResourcesBuildPhase section */
		D7C3476C1D6579C40051E728 /* Resources */ = {
			isa = PBXResourcesBuildPhase;
			buildActionMask = 2147483647;
			files = (
				D71E19E71D7E8E5400DCDCF3 /* back_menu@2x.png in Resources */,
				D7D573D61D66D1B400205DFB /* no_avatar@2x.png in Resources */,
				D7C347A71D6585F20051E728 /* launch.png in Resources */,
				D758002B1D812C9A00725FFB /* star@3xpng.png in Resources */,
				D71E19F61D7E991C00DCDCF3 /* icon_logout.png in Resources */,
				D75800271D812C2600725FFB /* star.png in Resources */,
				D7D573D51D66D1B400205DFB /* no_avatar.png in Resources */,
				D76281781D8010FC00D6CD50 /* check@3x.png in Resources */,
				D7C347B41D65884B0051E728 /* button_gg.png in Resources */,
				D71E19E61D7E8E5400DCDCF3 /* back_menu.png in Resources */,
				D7C347AF1D6587EB0051E728 /* button_fb@3x.png in Resources */,
				D7C3479D1D6585E40051E728 /* icon_m_40pt.png in Resources */,
				32A2D0BC1DB2E83500FBB439 /* icon_m_83_5pt@2x.png in Resources */,
				D7C3479F1D6585E40051E728 /* icon_m_40pt@3x.png in Resources */,
				D76794A71D9A89BF0095B89C /* chat@2x.png in Resources */,
				D758002F1D812CF700725FFB /* user.png in Resources */,
				3286ED031DB274330070797C /* GoogleService-Info.plist in Resources */,
				D71E19ED1D7E8E8600DCDCF3 /* icon_menu@2x.png in Resources */,
				D7C347AD1D6587EB0051E728 /* button_fb.png in Resources */,
				D76794A81D9A89BF0095B89C /* chat@3x.png in Resources */,
				D75800261D812C2600725FFB /* setting.png in Resources */,
				32A2D0BB1DB2E83500FBB439 /* icon_m_76pt@2x.png in Resources */,
				D758002A1D812C9A00725FFB /* star@2x.png in Resources */,
				D7C347841D6579C40051E728 /* LaunchScreen.storyboard in Resources */,
				D7C3479B1D6585E40051E728 /* icon_m_29pt@2x.png in Resources */,
				D7C347A01D6585E40051E728 /* icon_m_60pt.png in Resources */,
				D71E19DF1D7E894900DCDCF3 /* logo_m@3x.png in Resources */,
				D71E19DE1D7E894900DCDCF3 /* logo_m@2x.png in Resources */,
				D7C347A61D6585F20051E728 /* launch_retina.png in Resources */,
				D71E19EC1D7E8E8600DCDCF3 /* icon_menu.png in Resources */,
				D76281771D8010FC00D6CD50 /* check@2x.png in Resources */,
				D7C3479E1D6585E40051E728 /* icon_m_40pt@2x.png in Resources */,
				D7C347A21D6585E40051E728 /* icon_m_60pt@3x.png in Resources */,
				D7C3479A1D6585E40051E728 /* icon_m_29pt.png in Resources */,
				3230CECE1D8D88C4001472BD /* delete@3x.png in Resources */,
				3230CECC1D8D88C4001472BD /* delete.png in Resources */,
				D75800311D812CF700725FFB /* user@3x.png in Resources */,
				D71E19DD1D7E894900DCDCF3 /* logo_m.png in Resources */,
				D76794AB1D9A89BF0095B89C /* find@3x.png in Resources */,
				D76794AA1D9A89BF0095B89C /* find@2x.png in Resources */,
				D71E19E01D7E894900DCDCF3 /* logo_text.png in Resources */,
				D7C347B11D6587FC0051E728 /* bg_main_m.png in Resources */,
				D76281761D8010FC00D6CD50 /* check.png in Resources */,
				3230CECD1D8D88C4001472BD /* delete@2x.png in Resources */,
				D71E19F81D7E991C00DCDCF3 /* icon_logout@3x.png in Resources */,
				D7C347A11D6585E40051E728 /* icon_m_60pt@2x.png in Resources */,
				D76611991D7FCF5F00990506 /* arrow@3x.png in Resources */,
				D7C347811D6579C40051E728 /* Assets.xcassets in Resources */,
				D71E19F71D7E991C00DCDCF3 /* icon_logout@2x.png in Resources */,
				D7D573D71D66D1B400205DFB /* no_avatar@3x.png in Resources */,
				D71E19EE1D7E8E8600DCDCF3 /* icon_menu@3x.png in Resources */,
				D71E19E11D7E894900DCDCF3 /* logo_text@2x.png in Resources */,
				D76611971D7FCF5F00990506 /* arrow.png in Resources */,
				D7C3477F1D6579C40051E728 /* Main.storyboard in Resources */,
				D7C347AE1D6587EB0051E728 /* button_fb@2x.png in Resources */,
				D71E19E81D7E8E5400DCDCF3 /* back_menu@3x.png in Resources */,
				D76794A61D9A89BF0095B89C /* chat.png in Resources */,
				32A2D0BA1DB2E83500FBB439 /* icon_m_76pt.png in Resources */,
				D7C3479C1D6585E40051E728 /* icon_m_29pt@3x.png in Resources */,
				D75800301D812CF700725FFB /* user@2x.png in Resources */,
				D76611981D7FCF5F00990506 /* arrow@2x.png in Resources */,
				D76794A91D9A89BF0095B89C /* find.png in Resources */,
				D7C347B51D65884B0051E728 /* button_gg@2x.png in Resources */,
				D7C347A81D6585F20051E728 /* launch@2x.png in Resources */,
				D71E19E21D7E894900DCDCF3 /* logo_text@3x.png in Resources */,
			);
			runOnlyForDeploymentPostprocessing = 0;
		};
/* End PBXResourcesBuildPhase section */

/* Begin PBXShellScriptBuildPhase section */
		0561787FCA9555F8F7F57195 /* [CP] Check Pods Manifest.lock */ = {
			isa = PBXShellScriptBuildPhase;
			buildActionMask = 2147483647;
			files = (
			);
			inputPaths = (
			);
			name = "[CP] Check Pods Manifest.lock";
			outputPaths = (
			);
			runOnlyForDeploymentPostprocessing = 0;
			shellPath = /bin/sh;
			shellScript = "diff \"${PODS_ROOT}/../Podfile.lock\" \"${PODS_ROOT}/Manifest.lock\" > /dev/null\nif [[ $? != 0 ]] ; then\n    cat << EOM\nerror: The sandbox is not in sync with the Podfile.lock. Run 'pod install' or update your CocoaPods installation.\nEOM\n    exit 1\nfi\n";
			showEnvVarsInLog = 0;
		};
		35C7EFE974C7052D418D9859 /* Embed Pods Frameworks */ = {
			isa = PBXShellScriptBuildPhase;
			buildActionMask = 2147483647;
			files = (
			);
			inputPaths = (
			);
			name = "Embed Pods Frameworks";
			outputPaths = (
			);
			runOnlyForDeploymentPostprocessing = 0;
			shellPath = /bin/sh;
			shellScript = "\"${SRCROOT}/Pods/Target Support Files/Pods-KidsGift/Pods-KidsGift-frameworks.sh\"\n";
			showEnvVarsInLog = 0;
		};
		530B3948EAF5017A53A5283F /* [CP] Copy Pods Resources */ = {
			isa = PBXShellScriptBuildPhase;
			buildActionMask = 2147483647;
			files = (
			);
			inputPaths = (
			);
			name = "[CP] Copy Pods Resources";
			outputPaths = (
			);
			runOnlyForDeploymentPostprocessing = 0;
			shellPath = /bin/sh;
			shellScript = "\"${SRCROOT}/Pods/Target Support Files/Pods-KidsGift/Pods-KidsGift-resources.sh\"\n";
			showEnvVarsInLog = 0;
		};
		A617E8ACB6A3B0D2AAAC081A /* [CP] Embed Pods Frameworks */ = {
			isa = PBXShellScriptBuildPhase;
			buildActionMask = 2147483647;
			files = (
			);
			inputPaths = (
			);
			name = "[CP] Embed Pods Frameworks";
			outputPaths = (
			);
			runOnlyForDeploymentPostprocessing = 0;
			shellPath = /bin/sh;
			shellScript = "\"${SRCROOT}/Pods/Target Support Files/Pods-KidsGift/Pods-KidsGift-frameworks.sh\"\n";
			showEnvVarsInLog = 0;
		};
/* End PBXShellScriptBuildPhase section */

/* Begin PBXSourcesBuildPhase section */
		D7C3476A1D6579C40051E728 /* Sources */ = {
			isa = PBXSourcesBuildPhase;
			buildActionMask = 2147483647;
			files = (
				32DF70FF1D99B632004E62C8 /* VMGrMessage.m in Sources */,
				D766119D1D7FDE3100990506 /* VMGrSetupViewController.m in Sources */,
				D76611A51D7FF67600990506 /* VMGrListToysViewController.m in Sources */,
				32DF71051D99DCC1004E62C8 /* VMGrRecentViewCell.m in Sources */,
				3230CED11D8D898F001472BD /* VMGrMatchesHeaderViewCell.m in Sources */,
				D7E2A2E61DC31FA500793EA3 /* VMGrMatches.m in Sources */,
				32866B761D67C04F00B13F04 /* VMGrAlertView.m in Sources */,
				D7C347BB1D65BD660051E728 /* VMGrLoginViewController.m in Sources */,
				D7C347C61D65BDD80051E728 /* VMGrSettingViewController.m in Sources */,
				D7C347761D6579C40051E728 /* AppDelegate.m in Sources */,
				D75800341D812FC300725FFB /* VMGrSetupViewCell.m in Sources */,
				D7C347CA1D65BE0A0051E728 /* VMGrMatchesViewController.m in Sources */,
				D7D573DB1D67172700205DFB /* VMGrUtilsFirebase.m in Sources */,
				D76611A11D7FDE5000990506 /* VMGrChatViewController.m in Sources */,
				D7C347C11D65BD7C0051E728 /* VMGrRootViewController.m in Sources */,
				D71E19F21D7E906100DCDCF3 /* VMGrMenuViewCell.m in Sources */,
				D7C347C21D65BD7C0051E728 /* VMGrViewController.m in Sources */,
				D76281721D800F9700D6CD50 /* VMGrToyViewCell.m in Sources */,
				3242B6031D8D43460033D41B /* VMGrUser.m in Sources */,
				32866B791D67C08200B13F04 /* VMGrUtilities.m in Sources */,
				D7C347731D6579C40051E728 /* main.m in Sources */,
				32DF70FC1D99B61B004E62C8 /* VMGrConversationViewController.m in Sources */,
				321F08921D9B087800E71500 /* VMGrRootTabBarController.m in Sources */,
				327960811DC29FC400F7F1DF /* VMGrToy.m in Sources */,
				32DF71021D99BEE6004E62C8 /* VMGrRecent.m in Sources */,
				328363E41D8B606E003013E8 /* VMGrMatchesViewCell.m in Sources */,
			);
			runOnlyForDeploymentPostprocessing = 0;
		};
/* End PBXSourcesBuildPhase section */

/* Begin PBXVariantGroup section */
		D7C3477D1D6579C40051E728 /* Main.storyboard */ = {
			isa = PBXVariantGroup;
			children = (
				D7C3477E1D6579C40051E728 /* Base */,
			);
			name = Main.storyboard;
			sourceTree = "<group>";
		};
		D7C347821D6579C40051E728 /* LaunchScreen.storyboard */ = {
			isa = PBXVariantGroup;
			children = (
				D7C347831D6579C40051E728 /* Base */,
			);
			name = LaunchScreen.storyboard;
			sourceTree = "<group>";
		};
/* End PBXVariantGroup section */

/* Begin XCBuildConfiguration section */
		D7C347861D6579C40051E728 /* Debug */ = {
			isa = XCBuildConfiguration;
			buildSettings = {
				ALWAYS_SEARCH_USER_PATHS = NO;
				CLANG_ANALYZER_NONNULL = YES;
				CLANG_CXX_LANGUAGE_STANDARD = "gnu++0x";
				CLANG_CXX_LIBRARY = "libc++";
				CLANG_ENABLE_MODULES = YES;
				CLANG_ENABLE_OBJC_ARC = YES;
				CLANG_WARN_BOOL_CONVERSION = YES;
				CLANG_WARN_CONSTANT_CONVERSION = YES;
				CLANG_WARN_DIRECT_OBJC_ISA_USAGE = YES_ERROR;
				CLANG_WARN_EMPTY_BODY = YES;
				CLANG_WARN_ENUM_CONVERSION = YES;
				CLANG_WARN_INT_CONVERSION = YES;
				CLANG_WARN_OBJC_ROOT_CLASS = YES_ERROR;
				CLANG_WARN_UNREACHABLE_CODE = YES;
				CLANG_WARN__DUPLICATE_METHOD_MATCH = YES;
				CODE_SIGN_IDENTITY = "iPhone Distribution: Dao Nguyen (BAB5QR9DE9)";
				"CODE_SIGN_IDENTITY[sdk=iphoneos*]" = "iPhone Distribution: Dao Nguyen (BAB5QR9DE9)";
				COPY_PHASE_STRIP = NO;
				DEBUG_INFORMATION_FORMAT = dwarf;
				ENABLE_STRICT_OBJC_MSGSEND = YES;
				ENABLE_TESTABILITY = YES;
				GCC_C_LANGUAGE_STANDARD = gnu99;
				GCC_DYNAMIC_NO_PIC = NO;
				GCC_NO_COMMON_BLOCKS = YES;
				GCC_OPTIMIZATION_LEVEL = 0;
				GCC_PREPROCESSOR_DEFINITIONS = (
					"DEBUG=1",
					"$(inherited)",
				);
				GCC_WARN_64_TO_32_BIT_CONVERSION = YES;
				GCC_WARN_ABOUT_RETURN_TYPE = YES_ERROR;
				GCC_WARN_UNDECLARED_SELECTOR = YES;
				GCC_WARN_UNINITIALIZED_AUTOS = YES_AGGRESSIVE;
				GCC_WARN_UNUSED_FUNCTION = YES;
				GCC_WARN_UNUSED_VARIABLE = YES;
				IPHONEOS_DEPLOYMENT_TARGET = 9.3;
				MTL_ENABLE_DEBUG_INFO = YES;
				ONLY_ACTIVE_ARCH = YES;
				PROVISIONING_PROFILE = "d137a196-01be-4fa7-98b8-2e54560018c3";
				SDKROOT = iphoneos;
				TARGETED_DEVICE_FAMILY = "1,2";
			};
			name = Debug;
		};
		D7C347871D6579C40051E728 /* Release */ = {
			isa = XCBuildConfiguration;
			buildSettings = {
				ALWAYS_SEARCH_USER_PATHS = NO;
				CLANG_ANALYZER_NONNULL = YES;
				CLANG_CXX_LANGUAGE_STANDARD = "gnu++0x";
				CLANG_CXX_LIBRARY = "libc++";
				CLANG_ENABLE_MODULES = YES;
				CLANG_ENABLE_OBJC_ARC = YES;
				CLANG_WARN_BOOL_CONVERSION = YES;
				CLANG_WARN_CONSTANT_CONVERSION = YES;
				CLANG_WARN_DIRECT_OBJC_ISA_USAGE = YES_ERROR;
				CLANG_WARN_EMPTY_BODY = YES;
				CLANG_WARN_ENUM_CONVERSION = YES;
				CLANG_WARN_INT_CONVERSION = YES;
				CLANG_WARN_OBJC_ROOT_CLASS = YES_ERROR;
				CLANG_WARN_UNREACHABLE_CODE = YES;
				CLANG_WARN__DUPLICATE_METHOD_MATCH = YES;
				CODE_SIGN_IDENTITY = "iPhone Distribution: Dao Nguyen (BAB5QR9DE9)";
				"CODE_SIGN_IDENTITY[sdk=iphoneos*]" = "iPhone Distribution: Dao Nguyen (BAB5QR9DE9)";
				COPY_PHASE_STRIP = NO;
				DEBUG_INFORMATION_FORMAT = "dwarf-with-dsym";
				ENABLE_NS_ASSERTIONS = NO;
				ENABLE_STRICT_OBJC_MSGSEND = YES;
				GCC_C_LANGUAGE_STANDARD = gnu99;
				GCC_NO_COMMON_BLOCKS = YES;
				GCC_WARN_64_TO_32_BIT_CONVERSION = YES;
				GCC_WARN_ABOUT_RETURN_TYPE = YES_ERROR;
				GCC_WARN_UNDECLARED_SELECTOR = YES;
				GCC_WARN_UNINITIALIZED_AUTOS = YES_AGGRESSIVE;
				GCC_WARN_UNUSED_FUNCTION = YES;
				GCC_WARN_UNUSED_VARIABLE = YES;
				IPHONEOS_DEPLOYMENT_TARGET = 9.3;
				MTL_ENABLE_DEBUG_INFO = NO;
				PROVISIONING_PROFILE = "d137a196-01be-4fa7-98b8-2e54560018c3";
				SDKROOT = iphoneos;
				TARGETED_DEVICE_FAMILY = "1,2";
				VALIDATE_PRODUCT = YES;
			};
			name = Release;
		};
		D7C347891D6579C40051E728 /* Debug */ = {
			isa = XCBuildConfiguration;
			baseConfigurationReference = BE6316DE1390A740EF62E383 /* Pods-KidsGift.debug.xcconfig */;
			buildSettings = {
				ASSETCATALOG_COMPILER_APPICON_NAME = AppIcon;
				ASSETCATALOG_COMPILER_LAUNCHIMAGE_NAME = LaunchImage;
				CODE_SIGN_ENTITLEMENTS = KidsGift/KidsGift.entitlements;
				CODE_SIGN_IDENTITY = "iPhone Developer";
				ENABLE_BITCODE = NO;
				INFOPLIST_FILE = KidsGift/Info.plist;
				IPHONEOS_DEPLOYMENT_TARGET = 7.0;
				LD_RUNPATH_SEARCH_PATHS = "$(inherited) @executable_path/Frameworks";
				PRODUCT_BUNDLE_IDENTIFIER = com.mobifocuz.kidsgiftingapp;
				PRODUCT_NAME = "$(TARGET_NAME)";
				PROVISIONING_PROFILE = "d137a196-01be-4fa7-98b8-2e54560018c3";
				TARGETED_DEVICE_FAMILY = 1;
			};
			name = Debug;
		};
		D7C3478A1D6579C40051E728 /* Release */ = {
			isa = XCBuildConfiguration;
			baseConfigurationReference = EA2F8BA713E71D22A10D29B0 /* Pods-KidsGift.release.xcconfig */;
			buildSettings = {
				ASSETCATALOG_COMPILER_APPICON_NAME = AppIcon;
				ASSETCATALOG_COMPILER_LAUNCHIMAGE_NAME = LaunchImage;
				CODE_SIGN_ENTITLEMENTS = KidsGift/KidsGift.entitlements;
				CODE_SIGN_IDENTITY = "iPhone Developer";
				ENABLE_BITCODE = NO;
				INFOPLIST_FILE = KidsGift/Info.plist;
				IPHONEOS_DEPLOYMENT_TARGET = 7.0;
				LD_RUNPATH_SEARCH_PATHS = "$(inherited) @executable_path/Frameworks";
				PRODUCT_BUNDLE_IDENTIFIER = com.mobifocuz.kidsgiftingapp;
				PRODUCT_NAME = "$(TARGET_NAME)";
				PROVISIONING_PROFILE = "d137a196-01be-4fa7-98b8-2e54560018c3";
				TARGETED_DEVICE_FAMILY = 1;
			};
			name = Release;
		};
/* End XCBuildConfiguration section */

/* Begin XCConfigurationList section */
		D7C347691D6579C40051E728 /* Build configuration list for PBXProject "KidsGift" */ = {
			isa = XCConfigurationList;
			buildConfigurations = (
				D7C347861D6579C40051E728 /* Debug */,
				D7C347871D6579C40051E728 /* Release */,
			);
			defaultConfigurationIsVisible = 0;
			defaultConfigurationName = Release;
		};
		D7C347881D6579C40051E728 /* Build configuration list for PBXNativeTarget "KidsGift" */ = {
			isa = XCConfigurationList;
			buildConfigurations = (
				D7C347891D6579C40051E728 /* Debug */,
				D7C3478A1D6579C40051E728 /* Release */,
			);
			defaultConfigurationIsVisible = 0;
			defaultConfigurationName = Release;
		};
/* End XCConfigurationList section */
	};
	rootObject = D7C347661D6579C40051E728 /* Project object */;
}
